<?xml version="1.0" encoding="utf-8"?>
<Project ToolsVersion="4.0" xmlns="http://schemas.microsoft.com/developer/msbuild/2003">
  <ItemGroup>
    <Filter Include="Source Files">
      <UniqueIdentifier>{4FC737F1-C7A5-4376-A066-2A32D752A2FF}</UniqueIdentifier>
      <Extensions>cpp;c;cc;cxx;def;odl;idl;hpj;bat;asm;asmx</Extensions>
    </Filter>
    <Filter Include="Header Files">
      <UniqueIdentifier>{93995380-89BD-4b04-88EB-625FBE52EBFB}</UniqueIdentifier>
      <Extensions>h;hh;hpp;hxx;hm;inl;inc;ipp;xsd</Extensions>
    </Filter>
    <Filter Include="Resource Files">
      <UniqueIdentifier>{67DA6AB6-F800-4c08-8B7A-83BB121AAD01}</UniqueIdentifier>
      <Extensions>rc;ico;cur;bmp;dlg;rc2;rct;bin;rgs;gif;jpg;jpeg;jpe;resx;tiff;tif;png;wav;mfcribbon-ms</Extensions>
    </Filter>
    <Filter Include="com">
      <UniqueIdentifier>{9d828b6e-0134-4e72-891b-0853faa717bb}</UniqueIdentifier>
    </Filter>
  </ItemGroup>
  <ItemGroup>
    <ClInclude Include="FairY.h">
      <Filter>Header Files</Filter>
    </ClInclude>
    <ClInclude Include="FairYDlg.h">
      <Filter>Header Files</Filter>
    </ClInclude>
    <ClInclude Include="stdafx.h">
      <Filter>Header Files</Filter>
    </ClInclude>
    <ClInclude Include="targetver.h">
      <Filter>Header Files</Filter>
    </ClInclude>
    <ClInclude Include="Resource.h">
      <Filter>Header Files</Filter>
    </ClInclude>
    <ClInclude Include="..\CSerialPort\osplatformutil.h">
      <Filter>com</Filter>
    </ClInclude>
    <ClInclude Include="..\CSerialPort\SerialPort.h">
      <Filter>com</Filter>
    </ClInclude>
    <ClInclude Include="..\CSerialPort\SerialPort_global.h">
      <Filter>com</Filter>
    </ClInclude>
    <ClInclude Include="..\CSerialPort\SerialPortBase.h">
      <Filter>com</Filter>
    </ClInclude>
    <ClInclude Include="..\CSerialPort\SerialPortInfo.h">
      <Filter>com</Filter>
    </ClInclude>
    <ClInclude Include="..\CSerialPort\SerialPortInfoBase.h">
      <Filter>com</Filter>
    </ClInclude>
    <ClInclude Include="..\CSerialPort\SerialPortInfoUnixBase.h">
      <Filter>com</Filter>
    </ClInclude>
    <ClInclude Include="..\CSerialPort\SerialPortInfoWinBase.h">
      <Filter>com</Filter>
    </ClInclude>
    <ClInclude Include="..\CSerialPort\SerialPortUnixBase.h">
      <Filter>com</Filter>
    </ClInclude>
    <ClInclude Include="..\CSerialPort\SerialPortWinBase.h">
      <Filter>com</Filter>
    </ClInclude>
    <ClInclude Include="..\CSerialPort\sigslot.h">
      <Filter>com</Filter>
    </ClInclude>
  </ItemGroup>
  <ItemGroup>
    <ClCompile Include="FairY.cpp">
      <Filter>Source Files</Filter>
    </ClCompile>
    <ClCompile Include="FairYDlg.cpp">
      <Filter>Source Files</Filter>
    </ClCompile>
    <ClCompile Include="stdafx.cpp">
      <Filter>Source Files</Filter>
    </ClCompile>
    <ClCompile Include="..\CSerialPort\SerialPort.cpp">
      <Filter>com</Filter>
    </ClCompile>
    <ClCompile Include="..\CSerialPort\SerialPortBase.cpp">
      <Filter>com</Filter>
    </ClCompile>
    <ClCompile Include="..\CSerialPort\SerialPortInfo.cpp">
      <Filter>com</Filter>
    </ClCompile>
    <ClCompile Include="..\CSerialPort\SerialPortInfoBase.cpp">
      <Filter>com</Filter>
    </ClCompile>
    <ClCompile Include="..\CSerialPort\SerialPortInfoUnixBase.cpp">
      <Filter>com</Filter>
    </ClCompile>
    <ClCompile Include="..\CSerialPort\SerialPortInfoWinBase.cpp">
      <Filter>com</Filter>
    </ClCompile>
    <ClCompile Include="..\CSerialPort\SerialPortUnixBase.cpp">
      <Filter>com</Filter>
    </ClCompile>
    <ClCompile Include="..\CSerialPort\SerialPortWinBase.cpp">
      <Filter>com</Filter>
    </ClCompile>
  </ItemGroup>
  <ItemGroup>
    <ResourceCompile Include="FairY.rc">
      <Filter>Resource Files</Filter>
    </ResourceCompile>
  </ItemGroup>
  <ItemGroup>
    <None Include="res\FairY.rc2">
      <Filter>Resource Files</Filter>
    </None>
  </ItemGroup>
  <ItemGroup>
    <Image Include="res\FairY.ico">
      <Filter>Resource Files</Filter>
    </Image>
  </ItemGroup>
</Project>